
Microsoft Visual Studio Solution File, Format Version 12.00
# Visual Studio Version 17
VisualStudioVersion = 17.0.31903.59
MinimumVisualStudioVersion = 10.0.40219.1
Project("{FAE04EC0-301F-11D3-BF4B-00C04F79EFBC}") = "SVM.Core", "SVM.Core\SVM.Core.csproj", "{5C52ADCB-596C-46F3-97E8-371F74CBFC36}"
EndProject
Project("{FAE04EC0-301F-11D3-BF4B-00C04F79EFBC}") = "SVM.Standalone", "SVM.Standalone\SVM.Standalone.csproj", "{A2BC0739-0B24-4103-B35C-0475FEC2242C}"
EndProject
Project("{FAE04EC0-301F-11D3-BF4B-00C04F79EFBC}") = "SVM.Assembler.Core", "SVM.Assembler.Core\SVM.Assembler.Core.csproj", "{B51D33D7-920B-44DE-8EB8-F8E8DFAE4CA8}"
EndProject
Project("{FAE04EC0-301F-11D3-BF4B-00C04F79EFBC}") = "SVM.Assembler", "SVM.Assembler\SVM.Assembler.csproj", "{E2B82455-3947-4C11-82D0-178E8D8C3D64}"
EndProject
Project("{FAE04EC0-301F-11D3-BF4B-00C04F79EFBC}") = "SVM.Advanced", "SVM.Advanced\SVM.Advanced.csproj", "{F9F2F699-49F7-4427-BA22-B444DD6259FD}"
EndProject
Project("{2150E333-8FDC-42A3-9474-1A3956D46DE8}") = "Examples", "Examples", "{B36A84DF-456D-A817-6EDD-3EC3E7F6E11F}"
	ProjectSection(SolutionItems) = preProject
		..\examples\hello.s = ..\examples\hello.s
	EndProjectSection
EndProject
Global
	GlobalSection(SolutionConfigurationPlatforms) = preSolution
		Debug|Any CPU = Debug|Any CPU
		Debug|x64 = Debug|x64
		Debug|x86 = Debug|x86
		Release|Any CPU = Release|Any CPU
		Release|x64 = Release|x64
		Release|x86 = Release|x86
	EndGlobalSection
	GlobalSection(ProjectConfigurationPlatforms) = postSolution
		{5C52ADCB-596C-46F3-97E8-371F74CBFC36}.Debug|Any CPU.ActiveCfg = Debug|Any CPU
		{5C52ADCB-596C-46F3-97E8-371F74CBFC36}.Debug|Any CPU.Build.0 = Debug|Any CPU
		{5C52ADCB-596C-46F3-97E8-371F74CBFC36}.Debug|x64.ActiveCfg = Debug|Any CPU
		{5C52ADCB-596C-46F3-97E8-371F74CBFC36}.Debug|x64.Build.0 = Debug|Any CPU
		{5C52ADCB-596C-46F3-97E8-371F74CBFC36}.Debug|x86.ActiveCfg = Debug|Any CPU
		{5C52ADCB-596C-46F3-97E8-371F74CBFC36}.Debug|x86.Build.0 = Debug|Any CPU
		{5C52ADCB-596C-46F3-97E8-371F74CBFC36}.Release|Any CPU.ActiveCfg = Release|Any CPU
		{5C52ADCB-596C-46F3-97E8-371F74CBFC36}.Release|Any CPU.Build.0 = Release|Any CPU
		{5C52ADCB-596C-46F3-97E8-371F74CBFC36}.Release|x64.ActiveCfg = Release|Any CPU
		{5C52ADCB-596C-46F3-97E8-371F74CBFC36}.Release|x64.Build.0 = Release|Any CPU
		{5C52ADCB-596C-46F3-97E8-371F74CBFC36}.Release|x86.ActiveCfg = Release|Any CPU
		{5C52ADCB-596C-46F3-97E8-371F74CBFC36}.Release|x86.Build.0 = Release|Any CPU
		{A2BC0739-0B24-4103-B35C-0475FEC2242C}.Debug|Any CPU.ActiveCfg = Debug|Any CPU
		{A2BC0739-0B24-4103-B35C-0475FEC2242C}.Debug|Any CPU.Build.0 = Debug|Any CPU
		{A2BC0739-0B24-4103-B35C-0475FEC2242C}.Debug|x64.ActiveCfg = Debug|Any CPU
		{A2BC0739-0B24-4103-B35C-0475FEC2242C}.Debug|x64.Build.0 = Debug|Any CPU
		{A2BC0739-0B24-4103-B35C-0475FEC2242C}.Debug|x86.ActiveCfg = Debug|Any CPU
		{A2BC0739-0B24-4103-B35C-0475FEC2242C}.Debug|x86.Build.0 = Debug|Any CPU
		{A2BC0739-0B24-4103-B35C-0475FEC2242C}.Release|Any CPU.ActiveCfg = Release|Any CPU
		{A2BC0739-0B24-4103-B35C-0475FEC2242C}.Release|Any CPU.Build.0 = Release|Any CPU
		{A2BC0739-0B24-4103-B35C-0475FEC2242C}.Release|x64.ActiveCfg = Release|Any CPU
		{A2BC0739-0B24-4103-B35C-0475FEC2242C}.Release|x64.Build.0 = Release|Any CPU
		{A2BC0739-0B24-4103-B35C-0475FEC2242C}.Release|x86.ActiveCfg = Release|Any CPU
		{A2BC0739-0B24-4103-B35C-0475FEC2242C}.Release|x86.Build.0 = Release|Any CPU
		{B51D33D7-920B-44DE-8EB8-F8E8DFAE4CA8}.Debug|Any CPU.ActiveCfg = Debug|Any CPU
		{B51D33D7-920B-44DE-8EB8-F8E8DFAE4CA8}.Debug|Any CPU.Build.0 = Debug|Any CPU
		{B51D33D7-920B-44DE-8EB8-F8E8DFAE4CA8}.Debug|x64.ActiveCfg = Debug|Any CPU
		{B51D33D7-920B-44DE-8EB8-F8E8DFAE4CA8}.Debug|x64.Build.0 = Debug|Any CPU
		{B51D33D7-920B-44DE-8EB8-F8E8DFAE4CA8}.Debug|x86.ActiveCfg = Debug|Any CPU
		{B51D33D7-920B-44DE-8EB8-F8E8DFAE4CA8}.Debug|x86.Build.0 = Debug|Any CPU
		{B51D33D7-920B-44DE-8EB8-F8E8DFAE4CA8}.Release|Any CPU.ActiveCfg = Release|Any CPU
		{B51D33D7-920B-44DE-8EB8-F8E8DFAE4CA8}.Release|Any CPU.Build.0 = Release|Any CPU
		{B51D33D7-920B-44DE-8EB8-F8E8DFAE4CA8}.Release|x64.ActiveCfg = Release|Any CPU
		{B51D33D7-920B-44DE-8EB8-F8E8DFAE4CA8}.Release|x64.Build.0 = Release|Any CPU
		{B51D33D7-920B-44DE-8EB8-F8E8DFAE4CA8}.Release|x86.ActiveCfg = Release|Any CPU
		{B51D33D7-920B-44DE-8EB8-F8E8DFAE4CA8}.Release|x86.Build.0 = Release|Any CPU
		{E2B82455-3947-4C11-82D0-178E8D8C3D64}.Debug|Any CPU.ActiveCfg = Debug|Any CPU
		{E2B82455-3947-4C11-82D0-178E8D8C3D64}.Debug|Any CPU.Build.0 = Debug|Any CPU
		{E2B82455-3947-4C11-82D0-178E8D8C3D64}.Debug|x64.ActiveCfg = Debug|Any CPU
		{E2B82455-3947-4C11-82D0-178E8D8C3D64}.Debug|x64.Build.0 = Debug|Any CPU
		{E2B82455-3947-4C11-82D0-178E8D8C3D64}.Debug|x86.ActiveCfg = Debug|Any CPU
		{E2B82455-3947-4C11-82D0-178E8D8C3D64}.Debug|x86.Build.0 = Debug|Any CPU
		{E2B82455-3947-4C11-82D0-178E8D8C3D64}.Release|Any CPU.ActiveCfg = Release|Any CPU
		{E2B82455-3947-4C11-82D0-178E8D8C3D64}.Release|Any CPU.Build.0 = Release|Any CPU
		{E2B82455-3947-4C11-82D0-178E8D8C3D64}.Release|x64.ActiveCfg = Release|Any CPU
		{E2B82455-3947-4C11-82D0-178E8D8C3D64}.Release|x64.Build.0 = Release|Any CPU
		{E2B82455-3947-4C11-82D0-178E8D8C3D64}.Release|x86.ActiveCfg = Release|Any CPU
		{E2B82455-3947-4C11-82D0-178E8D8C3D64}.Release|x86.Build.0 = Release|Any CPU
		{F9F2F699-49F7-4427-BA22-B444DD6259FD}.Debug|Any CPU.ActiveCfg = Debug|Any CPU
		{F9F2F699-49F7-4427-BA22-B444DD6259FD}.Debug|Any CPU.Build.0 = Debug|Any CPU
		{F9F2F699-49F7-4427-BA22-B444DD6259FD}.Debug|x64.ActiveCfg = Debug|Any CPU
		{F9F2F699-49F7-4427-BA22-B444DD6259FD}.Debug|x64.Build.0 = Debug|Any CPU
		{F9F2F699-49F7-4427-BA22-B444DD6259FD}.Debug|x86.ActiveCfg = Debug|Any CPU
		{F9F2F699-49F7-4427-BA22-B444DD6259FD}.Debug|x86.Build.0 = Debug|Any CPU
		{F9F2F699-49F7-4427-BA22-B444DD6259FD}.Release|Any CPU.ActiveCfg = Release|Any CPU
		{F9F2F699-49F7-4427-BA22-B444DD6259FD}.Release|Any CPU.Build.0 = Release|Any CPU
		{F9F2F699-49F7-4427-BA22-B444DD6259FD}.Release|x64.ActiveCfg = Release|Any CPU
		{F9F2F699-49F7-4427-BA22-B444DD6259FD}.Release|x64.Build.0 = Release|Any CPU
		{F9F2F699-49F7-4427-BA22-B444DD6259FD}.Release|x86.ActiveCfg = Release|Any CPU
		{F9F2F699-49F7-4427-BA22-B444DD6259FD}.Release|x86.Build.0 = Release|Any CPU
	EndGlobalSection
	GlobalSection(SolutionProperties) = preSolution
		HideSolutionNode = FALSE
	EndGlobalSection
	GlobalSection(ExtensibilityGlobals) = postSolution
		SolutionGuid = {FCF2C01F-4BC6-4E00-9143-FAFA4BB34C1B}
	EndGlobalSection
EndGlobal
